
Microsoft Visual Studio Solution File, Format Version 12.00
# Visual Studio 15
Project("{FAE04EC0-301F-11D3-BF4B-00C04F79EFBC}") = "Assembly-CSharp", "Assembly-CSharp.csproj", "{FD595399-C405-B951-B806-231FA197DEAC}"
EndProject
Project("{FAE04EC0-301F-11D3-BF4B-00C04F79EFBC}") = "Assembly-CSharp-firstpass", "Assembly-CSharp-firstpass.csproj", "{F5478F53-23D4-0E84-CAFC-E6011616BB3B}"
EndProject
Global
	GlobalSection(SolutionConfigurationPlatforms) = preSolution
		Debug|Any CPU = Debug|Any CPU
		Release|Any CPU = Release|Any CPU
	EndGlobalSection
	GlobalSection(ProjectConfigurationPlatforms) = postSolution
		{FD595399-C405-B951-B806-231FA197DEAC}.Debug|Any CPU.ActiveCfg = Debug|Any CPU
		{FD595399-C405-B951-B806-231FA197DEAC}.Debug|Any CPU.Build.0 = Debug|Any CPU
		{FD595399-C405-B951-B806-231FA197DEAC}.Release|Any CPU.ActiveCfg = Release|Any CPU
		{FD595399-C405-B951-B806-231FA197DEAC}.Release|Any CPU.Build.0 = Release|Any CPU
		{F5478F53-23D4-0E84-CAFC-E6011616BB3B}.Debug|Any CPU.ActiveCfg = Debug|Any CPU
		{F5478F53-23D4-0E84-CAFC-E6011616BB3B}.Debug|Any CPU.Build.0 = Debug|Any CPU
		{F5478F53-23D4-0E84-CAFC-E6011616BB3B}.Release|Any CPU.ActiveCfg = Release|Any CPU
		{F5478F53-23D4-0E84-CAFC-E6011616BB3B}.Release|Any CPU.Build.0 = Release|Any CPU
	EndGlobalSection
	GlobalSection(SolutionProperties) = preSolution
		HideSolutionNode = FALSE
	EndGlobalSection
EndGlobal
